// !$*UTF8*$!
{
	archiveVersion = 1;
	classes = {
	};
	objectVersion = 50;
	objects = {

/* Begin PBXBuildFile section */
		05634DEB2630C77700DEE0A0 /* LandsmarksApp.swift in Sources */ = {isa = PBXBuildFile; fileRef = 05634DEA2630C77700DEE0A0 /* LandsmarksApp.swift */; };
		05634DED2630C77700DEE0A0 /* ContentView.swift in Sources */ = {isa = PBXBuildFile; fileRef = 05634DEC2630C77700DEE0A0 /* ContentView.swift */; };
		05634DEF2630C77900DEE0A0 /* Assets.xcassets in Resources */ = {isa = PBXBuildFile; fileRef = 05634DEE2630C77900DEE0A0 /* Assets.xcassets */; };
		05634DF22630C77900DEE0A0 /* Preview Assets.xcassets in Resources */ = {isa = PBXBuildFile; fileRef = 05634DF12630C77900DEE0A0 /* Preview Assets.xcassets */; };
		05634DFB2630CBE300DEE0A0 /* CircleImage.swift in Sources */ = {isa = PBXBuildFile; fileRef = 05634DFA2630CBE300DEE0A0 /* CircleImage.swift */; };
		05634DFE2630CCB200DEE0A0 /* MapView.swift in Sources */ = {isa = PBXBuildFile; fileRef = 05634DFD2630CCB200DEE0A0 /* MapView.swift */; };
		05634E012631635300DEE0A0 /* landmarkData.json in Resources */ = {isa = PBXBuildFile; fileRef = 05634E002631635300DEE0A0 /* landmarkData.json */; };
		05634E042631639400DEE0A0 /* Landmark.swift in Sources */ = {isa = PBXBuildFile; fileRef = 05634E032631639400DEE0A0 /* Landmark.swift */; };
		05634E072631657D00DEE0A0 /* ModelData.swift in Sources */ = {isa = PBXBuildFile; fileRef = 05634E062631657D00DEE0A0 /* ModelData.swift */; };
		05634E122631689300DEE0A0 /* LandmarkRow.swift in Sources */ = {isa = PBXBuildFile; fileRef = 05634E112631689300DEE0A0 /* LandmarkRow.swift */; };
		05634E1526316A9700DEE0A0 /* LandmarkList.swift in Sources */ = {isa = PBXBuildFile; fileRef = 05634E1426316A9700DEE0A0 /* LandmarkList.swift */; };
		05634E1A26316D9100DEE0A0 /* LandmarkDetail.swift in Sources */ = {isa = PBXBuildFile; fileRef = 05634E1926316D9100DEE0A0 /* LandmarkDetail.swift */; };
		05634E1D2631A76100DEE0A0 /* FavoriteButton.swift in Sources */ = {isa = PBXBuildFile; fileRef = 05634E1C2631A76100DEE0A0 /* FavoriteButton.swift */; };
		05634E252632052A00DEE0A0 /* HexagonParameters.swift in Sources */ = {isa = PBXBuildFile; fileRef = 05634E242632052A00DEE0A0 /* HexagonParameters.swift */; };
		05634E28263207AA00DEE0A0 /* BadgeBackground.swift in Sources */ = {isa = PBXBuildFile; fileRef = 05634E27263207AA00DEE0A0 /* BadgeBackground.swift */; };
		05634E2B26320F9400DEE0A0 /* BadgeSymbol.swift in Sources */ = {isa = PBXBuildFile; fileRef = 05634E2A26320F9400DEE0A0 /* BadgeSymbol.swift */; };
		05634E2E263211AE00DEE0A0 /* RotatedBadgeSymbol.swift in Sources */ = {isa = PBXBuildFile; fileRef = 05634E2D263211AE00DEE0A0 /* RotatedBadgeSymbol.swift */; };
		05634E312632127B00DEE0A0 /* Badge.swift in Sources */ = {isa = PBXBuildFile; fileRef = 05634E302632127B00DEE0A0 /* Badge.swift */; };
/* End PBXBuildFile section */

/* Begin PBXFileReference section */
		05634DE72630C77700DEE0A0 /* Landsmarks.app */ = {isa = PBXFileReference; explicitFileType = wrapper.application; includeInIndex = 0; path = Landsmarks.app; sourceTree = BUILT_PRODUCTS_DIR; };
		05634DEA2630C77700DEE0A0 /* LandsmarksApp.swift */ = {isa = PBXFileReference; lastKnownFileType = sourcecode.swift; path = LandsmarksApp.swift; sourceTree = "<group>"; };
		05634DEC2630C77700DEE0A0 /* ContentView.swift */ = {isa = PBXFileReference; lastKnownFileType = sourcecode.swift; path = ContentView.swift; sourceTree = "<group>"; };
		05634DEE2630C77900DEE0A0 /* Assets.xcassets */ = {isa = PBXFileReference; lastKnownFileType = folder.assetcatalog; path = Assets.xcassets; sourceTree = "<group>"; };
		05634DF12630C77900DEE0A0 /* Preview Assets.xcassets */ = {isa = PBXFileReference; lastKnownFileType = folder.assetcatalog; path = "Preview Assets.xcassets"; sourceTree = "<group>"; };
		05634DF32630C77900DEE0A0 /* Info.plist */ = {isa = PBXFileReference; lastKnownFileType = text.plist.xml; path = Info.plist; sourceTree = "<group>"; };
		05634DFA2630CBE300DEE0A0 /* CircleImage.swift */ = {isa = PBXFileReference; lastKnownFileType = sourcecode.swift; path = CircleImage.swift; sourceTree = "<group>"; };
		05634DFD2630CCB200DEE0A0 /* MapView.swift */ = {isa = PBXFileReference; lastKnownFileType = sourcecode.swift; path = MapView.swift; sourceTree = "<group>"; };
		05634E002631635300DEE0A0 /* landmarkData.json */ = {isa = PBXFileReference; fileEncoding = 4; lastKnownFileType = text.json; path = landmarkData.json; sourceTree = "<group>"; };
		05634E032631639400DEE0A0 /* Landmark.swift */ = {isa = PBXFileReference; lastKnownFileType = sourcecode.swift; path = Landmark.swift; sourceTree = "<group>"; };
		05634E062631657D00DEE0A0 /* ModelData.swift */ = {isa = PBXFileReference; lastKnownFileType = sourcecode.swift; path = ModelData.swift; sourceTree = "<group>"; };
		05634E112631689300DEE0A0 /* LandmarkRow.swift */ = {isa = PBXFileReference; lastKnownFileType = sourcecode.swift; path = LandmarkRow.swift; sourceTree = "<group>"; };
		05634E1426316A9700DEE0A0 /* LandmarkList.swift */ = {isa = PBXFileReference; lastKnownFileType = sourcecode.swift; path = LandmarkList.swift; sourceTree = "<group>"; };
		05634E1926316D9100DEE0A0 /* LandmarkDetail.swift */ = {isa = PBXFileReference; lastKnownFileType = sourcecode.swift; path = LandmarkDetail.swift; sourceTree = "<group>"; };
		05634E1C2631A76100DEE0A0 /* FavoriteButton.swift */ = {isa = PBXFileReference; lastKnownFileType = sourcecode.swift; path = FavoriteButton.swift; sourceTree = "<group>"; };
		05634E242632052A00DEE0A0 /* HexagonParameters.swift */ = {isa = PBXFileReference; lastKnownFileType = sourcecode.swift; path = HexagonParameters.swift; sourceTree = "<group>"; };
		05634E27263207AA00DEE0A0 /* BadgeBackground.swift */ = {isa = PBXFileReference; lastKnownFileType = sourcecode.swift; path = BadgeBackground.swift; sourceTree = "<group>"; };
		05634E2A26320F9400DEE0A0 /* BadgeSymbol.swift */ = {isa = PBXFileReference; lastKnownFileType = sourcecode.swift; path = BadgeSymbol.swift; sourceTree = "<group>"; };
		05634E2D263211AE00DEE0A0 /* RotatedBadgeSymbol.swift */ = {isa = PBXFileReference; lastKnownFileType = sourcecode.swift; path = RotatedBadgeSymbol.swift; sourceTree = "<group>"; };
		05634E302632127B00DEE0A0 /* Badge.swift */ = {isa = PBXFileReference; lastKnownFileType = sourcecode.swift; path = Badge.swift; sourceTree = "<group>"; };
/* End PBXFileReference section */

/* Begin PBXFrameworksBuildPhase section */
		05634DE42630C77700DEE0A0 /* Frameworks */ = {
			isa = PBXFrameworksBuildPhase;
			buildActionMask = 2147483647;
			files = (
			);
			runOnlyForDeploymentPostprocessing = 0;
		};
/* End PBXFrameworksBuildPhase section */

/* Begin PBXGroup section */
		05634DDE2630C77700DEE0A0 = {
			isa = PBXGroup;
			children = (
				05634DE92630C77700DEE0A0 /* Landsmarks */,
				05634DE82630C77700DEE0A0 /* Products */,
			);
			sourceTree = "<group>";
		};
		05634DE82630C77700DEE0A0 /* Products */ = {
			isa = PBXGroup;
			children = (
				05634DE72630C77700DEE0A0 /* Landsmarks.app */,
			);
			name = Products;
			sourceTree = "<group>";
		};
		05634DE92630C77700DEE0A0 /* Landsmarks */ = {
			isa = PBXGroup;
			children = (
				05634DEA2630C77700DEE0A0 /* LandsmarksApp.swift */,
				05634E092631675D00DEE0A0 /* Views */,
				05634E0A2631677600DEE0A0 /* Model */,
				05634E0C2631678F00DEE0A0 /* Resources */,
				05634DF32630C77900DEE0A0 /* Info.plist */,
				05634DEE2630C77900DEE0A0 /* Assets.xcassets */,
				05634DF02630C77900DEE0A0 /* Preview Content */,
			);
			path = Landsmarks;
			sourceTree = "<group>";
		};
		05634DF02630C77900DEE0A0 /* Preview Content */ = {
			isa = PBXGroup;
			children = (
				05634DF12630C77900DEE0A0 /* Preview Assets.xcassets */,
			);
			path = "Preview Content";
			sourceTree = "<group>";
		};
		05634E092631675D00DEE0A0 /* Views */ = {
			isa = PBXGroup;
			children = (
				05634DEC2630C77700DEE0A0 /* ContentView.swift */,
				05634E33263215F100DEE0A0 /* Badges */,
				05634E202631A83B00DEE0A0 /* Landmarks */,
				05634E212631A84E00DEE0A0 /* Helpers */,
			);
			path = Views;
			sourceTree = "<group>";
		};
		05634E0A2631677600DEE0A0 /* Model */ = {
			isa = PBXGroup;
			children = (
				05634E032631639400DEE0A0 /* Landmark.swift */,
				05634E062631657D00DEE0A0 /* ModelData.swift */,
			);
			path = Model;
			sourceTree = "<group>";
		};
		05634E0C2631678F00DEE0A0 /* Resources */ = {
			isa = PBXGroup;
			children = (
				05634E002631635300DEE0A0 /* landmarkData.json */,
			);
			path = Resources;
			sourceTree = "<group>";
		};
		05634E202631A83B00DEE0A0 /* Landmarks */ = {
			isa = PBXGroup;
			children = (
				05634E1426316A9700DEE0A0 /* LandmarkList.swift */,
				05634E112631689300DEE0A0 /* LandmarkRow.swift */,
				05634E1926316D9100DEE0A0 /* LandmarkDetail.swift */,
			);
			path = Landmarks;
			sourceTree = "<group>";
		};
		05634E212631A84E00DEE0A0 /* Helpers */ = {
			isa = PBXGroup;
			children = (
				05634DFA2630CBE300DEE0A0 /* CircleImage.swift */,
				05634E1C2631A76100DEE0A0 /* FavoriteButton.swift */,
				05634DFD2630CCB200DEE0A0 /* MapView.swift */,
			);
			path = Helpers;
			sourceTree = "<group>";
		};
		05634E33263215F100DEE0A0 /* Badges */ = {
			isa = PBXGroup;
			children = (
				05634E302632127B00DEE0A0 /* Badge.swift */,
				05634E27263207AA00DEE0A0 /* BadgeBackground.swift */,
				05634E2A26320F9400DEE0A0 /* BadgeSymbol.swift */,
				05634E2D263211AE00DEE0A0 /* RotatedBadgeSymbol.swift */,
				05634E242632052A00DEE0A0 /* HexagonParameters.swift */,
			);
			path = Badges;
			sourceTree = "<group>";
		};
/* End PBXGroup section */

/* Begin PBXNativeTarget section */
		05634DE62630C77700DEE0A0 /* Landsmarks */ = {
			isa = PBXNativeTarget;
			buildConfigurationList = 05634DF62630C77900DEE0A0 /* Build configuration list for PBXNativeTarget "Landsmarks" */;
			buildPhases = (
				05634DE32630C77700DEE0A0 /* Sources */,
				05634DE42630C77700DEE0A0 /* Frameworks */,
				05634DE52630C77700DEE0A0 /* Resources */,
			);
			buildRules = (
			);
			dependencies = (
			);
			name = Landsmarks;
			productName = Landsmarks;
			productReference = 05634DE72630C77700DEE0A0 /* Landsmarks.app */;
			productType = "com.apple.product-type.application";
		};
/* End PBXNativeTarget section */

/* Begin PBXProject section */
		05634DDF2630C77700DEE0A0 /* Project object */ = {
			isa = PBXProject;
			attributes = {
				LastSwiftUpdateCheck = 1240;
				LastUpgradeCheck = 1240;
				TargetAttributes = {
					05634DE62630C77700DEE0A0 = {
						CreatedOnToolsVersion = 12.4;
					};
				};
			};
			buildConfigurationList = 05634DE22630C77700DEE0A0 /* Build configuration list for PBXProject "Landsmarks" */;
			compatibilityVersion = "Xcode 9.3";
			developmentRegion = en;
			hasScannedForEncodings = 0;
			knownRegions = (
				en,
				Base,
			);
			mainGroup = 05634DDE2630C77700DEE0A0;
			productRefGroup = 05634DE82630C77700DEE0A0 /* Products */;
			projectDirPath = "";
			projectRoot = "";
			targets = (
				05634DE62630C77700DEE0A0 /* Landsmarks */,
			);
		};
/* End PBXProject section */

/* Begin PBXResourcesBuildPhase section */
		05634DE52630C77700DEE0A0 /* Resources */ = {
			isa = PBXResourcesBuildPhase;
			buildActionMask = 2147483647;
			files = (
				05634DF22630C77900DEE0A0 /* Preview Assets.xcassets in Resources */,
				05634DEF2630C77900DEE0A0 /* Assets.xcassets in Resources */,
				05634E012631635300DEE0A0 /* landmarkData.json in Resources */,
			);
			runOnlyForDeploymentPostprocessing = 0;
		};
/* End PBXResourcesBuildPhase section */

/* Begin PBXSourcesBuildPhase section */
		05634DE32630C77700DEE0A0 /* Sources */ = {
			isa = PBXSourcesBuildPhase;
			buildActionMask = 2147483647;
			files = (
				05634DED2630C77700DEE0A0 /* ContentView.swift in Sources */,
				05634E312632127B00DEE0A0 /* Badge.swift in Sources */,
				05634DFE2630CCB200DEE0A0 /* MapView.swift in Sources */,
				05634DEB2630C77700DEE0A0 /* LandsmarksApp.swift in Sources */,
				05634E1D2631A76100DEE0A0 /* FavoriteButton.swift in Sources */,
				05634E252632052A00DEE0A0 /* HexagonParameters.swift in Sources */,
				05634E2E263211AE00DEE0A0 /* RotatedBadgeSymbol.swift in Sources */,
				05634E2B26320F9400DEE0A0 /* BadgeSymbol.swift in Sources */,
				05634E1526316A9700DEE0A0 /* LandmarkList.swift in Sources */,
				05634E1A26316D9100DEE0A0 /* LandmarkDetail.swift in Sources */,
				05634E28263207AA00DEE0A0 /* BadgeBackground.swift in Sources */,
				05634DFB2630CBE300DEE0A0 /* CircleImage.swift in Sources */,
				05634E042631639400DEE0A0 /* Landmark.swift in Sources */,
				05634E122631689300DEE0A0 /* LandmarkRow.swift in Sources */,
				05634E072631657D00DEE0A0 /* ModelData.swift in Sources */,
			);
			runOnlyForDeploymentPostprocessing = 0;
		};
/* End PBXSourcesBuildPhase section */

/* Begin XCBuildConfiguration section */
		05634DF42630C77900DEE0A0 /* Debug */ = {
			isa = XCBuildConfiguration;
			buildSettings = {
				ALWAYS_SEARCH_USER_PATHS = NO;
				CLANG_ANALYZER_NONNULL = YES;
				CLANG_ANALYZER_NUMBER_OBJECT_CONVERSION = YES_AGGRESSIVE;
				CLANG_CXX_LANGUAGE_STANDARD = "gnu++14";
				CLANG_CXX_LIBRARY = "libc++";
				CLANG_ENABLE_MODULES = YES;
				CLANG_ENABLE_OBJC_ARC = YES;
				CLANG_ENABLE_OBJC_WEAK = YES;
				CLANG_WARN_BLOCK_CAPTURE_AUTORELEASING = YES;
				CLANG_WARN_BOOL_CONVERSION = YES;
				CLANG_WARN_COMMA = YES;
				CLANG_WARN_CONSTANT_CONVERSION = YES;
				CLANG_WARN_DEPRECATED_OBJC_IMPLEMENTATIONS = YES;
				CLANG_WARN_DIRECT_OBJC_ISA_USAGE = YES_ERROR;
				CLANG_WARN_DOCUMENTATION_COMMENTS = YES;
				CLANG_WARN_EMPTY_BODY = YES;
				CLANG_WARN_ENUM_CONVERSION = YES;
				CLANG_WARN_INFINITE_RECURSION = YES;
				CLANG_WARN_INT_CONVERSION = YES;
				CLANG_WARN_NON_LITERAL_NULL_CONVERSION = YES;
				CLANG_WARN_OBJC_IMPLICIT_RETAIN_SELF = YES;
				CLANG_WARN_OBJC_LITERAL_CONVERSION = YES;
				CLANG_WARN_OBJC_ROOT_CLASS = YES_ERROR;
				CLANG_WARN_QUOTED_INCLUDE_IN_FRAMEWORK_HEADER = YES;
				CLANG_WARN_RANGE_LOOP_ANALYSIS = YES;
				CLANG_WARN_STRICT_PROTOTYPES = YES;
				CLANG_WARN_SUSPICIOUS_MOVE = YES;
				CLANG_WARN_UNGUARDED_AVAILABILITY = YES_AGGRESSIVE;
				CLANG_WARN_UNREACHABLE_CODE = YES;
				CLANG_WARN__DUPLICATE_METHOD_MATCH = YES;
				COPY_PHASE_STRIP = NO;
				DEBUG_INFORMATION_FORMAT = dwarf;
				ENABLE_STRICT_OBJC_MSGSEND = YES;
				ENABLE_TESTABILITY = YES;
				GCC_C_LANGUAGE_STANDARD = gnu11;
				GCC_DYNAMIC_NO_PIC = NO;
				GCC_NO_COMMON_BLOCKS = YES;
				GCC_OPTIMIZATION_LEVEL = 0;
				GCC_PREPROCESSOR_DEFINITIONS = (
					"DEBUG=1",
					"$(inherited)",
				);
				GCC_WARN_64_TO_32_BIT_CONVERSION = YES;
				GCC_WARN_ABOUT_RETURN_TYPE = YES_ERROR;
				GCC_WARN_UNDECLARED_SELECTOR = YES;
				GCC_WARN_UNINITIALIZED_AUTOS = YES_AGGRESSIVE;
				GCC_WARN_UNUSED_FUNCTION = YES;
				GCC_WARN_UNUSED_VARIABLE = YES;
				IPHONEOS_DEPLOYMENT_TARGET = 14.4;
				MTL_ENABLE_DEBUG_INFO = INCLUDE_SOURCE;
				MTL_FAST_MATH = YES;
				ONLY_ACTIVE_ARCH = YES;
				SDKROOT = iphoneos;
				SWIFT_ACTIVE_COMPILATION_CONDITIONS = DEBUG;
				SWIFT_OPTIMIZATION_LEVEL = "-Onone";
			};
			name = Debug;
		};
		05634DF52630C77900DEE0A0 /* Release */ = {
			isa = XCBuildConfiguration;
			buildSettings = {
				ALWAYS_SEARCH_USER_PATHS = NO;
				CLANG_ANALYZER_NONNULL = YES;
				CLANG_ANALYZER_NUMBER_OBJECT_CONVERSION = YES_AGGRESSIVE;
				CLANG_CXX_LANGUAGE_STANDARD = "gnu++14";
				CLANG_CXX_LIBRARY = "libc++";
				CLANG_ENABLE_MODULES = YES;
				CLANG_ENABLE_OBJC_ARC = YES;
				CLANG_ENABLE_OBJC_WEAK = YES;
				CLANG_WARN_BLOCK_CAPTURE_AUTORELEASING = YES;
				CLANG_WARN_BOOL_CONVERSION = YES;
				CLANG_WARN_COMMA = YES;
				CLANG_WARN_CONSTANT_CONVERSION = YES;
				CLANG_WARN_DEPRECATED_OBJC_IMPLEMENTATIONS = YES;
				CLANG_WARN_DIRECT_OBJC_ISA_USAGE = YES_ERROR;
				CLANG_WARN_DOCUMENTATION_COMMENTS = YES;
				CLANG_WARN_EMPTY_BODY = YES;
				CLANG_WARN_ENUM_CONVERSION = YES;
				CLANG_WARN_INFINITE_RECURSION = YES;
				CLANG_WARN_INT_CONVERSION = YES;
				CLANG_WARN_NON_LITERAL_NULL_CONVERSION = YES;
				CLANG_WARN_OBJC_IMPLICIT_RETAIN_SELF = YES;
				CLANG_WARN_OBJC_LITERAL_CONVERSION = YES;
				CLANG_WARN_OBJC_ROOT_CLASS = YES_ERROR;
				CLANG_WARN_QUOTED_INCLUDE_IN_FRAMEWORK_HEADER = YES;
				CLANG_WARN_RANGE_LOOP_ANALYSIS = YES;
				CLANG_WARN_STRICT_PROTOTYPES = YES;
				CLANG_WARN_SUSPICIOUS_MOVE = YES;
				CLANG_WARN_UNGUARDED_AVAILABILITY = YES_AGGRESSIVE;
				CLANG_WARN_UNREACHABLE_CODE = YES;
				CLANG_WARN__DUPLICATE_METHOD_MATCH = YES;
				COPY_PHASE_STRIP = NO;
				DEBUG_INFORMATION_FORMAT = "dwarf-with-dsym";
				ENABLE_NS_ASSERTIONS = NO;
				ENABLE_STRICT_OBJC_MSGSEND = YES;
				GCC_C_LANGUAGE_STANDARD = gnu11;
				GCC_NO_COMMON_BLOCKS = YES;
				GCC_WARN_64_TO_32_BIT_CONVERSION = YES;
				GCC_WARN_ABOUT_RETURN_TYPE = YES_ERROR;
				GCC_WARN_UNDECLARED_SELECTOR = YES;
				GCC_WARN_UNINITIALIZED_AUTOS = YES_AGGRESSIVE;
				GCC_WARN_UNUSED_FUNCTION = YES;
				GCC_WARN_UNUSED_VARIABLE = YES;
				IPHONEOS_DEPLOYMENT_TARGET = 14.4;
				MTL_ENABLE_DEBUG_INFO = NO;
				MTL_FAST_MATH = YES;
				SDKROOT = iphoneos;
				SWIFT_COMPILATION_MODE = wholemodule;
				SWIFT_OPTIMIZATION_LEVEL = "-O";
				VALIDATE_PRODUCT = YES;
			};
			name = Release;
		};
		05634DF72630C77900DEE0A0 /* Debug */ = {
			isa = XCBuildConfiguration;
			buildSettings = {
				ASSETCATALOG_COMPILER_APPICON_NAME = AppIcon;
				ASSETCATALOG_COMPILER_GLOBAL_ACCENT_COLOR_NAME = AccentColor;
				CODE_SIGN_STYLE = Automatic;
				DEVELOPMENT_ASSET_PATHS = "\"Landsmarks/Preview Content\"";
				DEVELOPMENT_TEAM = D348HCR9GG;
				ENABLE_PREVIEWS = YES;
				INFOPLIST_FILE = Landsmarks/Info.plist;
				IPHONEOS_DEPLOYMENT_TARGET = 14.0;
				LD_RUNPATH_SEARCH_PATHS = (
					"$(inherited)",
					"@executable_path/Frameworks",
				);
				PRODUCT_BUNDLE_IDENTIFIER = "Igor-Denisiuk.Landsmarks";
				PRODUCT_NAME = "$(TARGET_NAME)";
				SWIFT_VERSION = 5.0;
				TARGETED_DEVICE_FAMILY = "1,2";
			};
			name = Debug;
		};
		05634DF82630C77900DEE0A0 /* Release */ = {
			isa = XCBuildConfiguration;
			buildSettings = {
				ASSETCATALOG_COMPILER_APPICON_NAME = AppIcon;
				ASSETCATALOG_COMPILER_GLOBAL_ACCENT_COLOR_NAME = AccentColor;
				CODE_SIGN_STYLE = Automatic;
				DEVELOPMENT_ASSET_PATHS = "\"Landsmarks/Preview Content\"";
				DEVELOPMENT_TEAM = D348HCR9GG;
				ENABLE_PREVIEWS = YES;
				INFOPLIST_FILE = Landsmarks/Info.plist;
				IPHONEOS_DEPLOYMENT_TARGET = 14.0;
				LD_RUNPATH_SEARCH_PATHS = (
					"$(inherited)",
					"@executable_path/Frameworks",
				);
				PRODUCT_BUNDLE_IDENTIFIER = "Igor-Denisiuk.Landsmarks";
				PRODUCT_NAME = "$(TARGET_NAME)";
				SWIFT_VERSION = 5.0;
				TARGETED_DEVICE_FAMILY = "1,2";
			};
			name = Release;
		};
/* End XCBuildConfiguration section */

/* Begin XCConfigurationList section */
		05634DE22630C77700DEE0A0 /* Build configuration list for PBXProject "Landsmarks" */ = {
			isa = XCConfigurationList;
			buildConfigurations = (
				05634DF42630C77900DEE0A0 /* Debug */,
				05634DF52630C77900DEE0A0 /* Release */,
			);
			defaultConfigurationIsVisible = 0;
			defaultConfigurationName = Release;
		};
		05634DF62630C77900DEE0A0 /* Build configuration list for PBXNativeTarget "Landsmarks" */ = {
			isa = XCConfigurationList;
			buildConfigurations = (
				05634DF72630C77900DEE0A0 /* Debug */,
				05634DF82630C77900DEE0A0 /* Release */,
			);
			defaultConfigurationIsVisible = 0;
			defaultConfigurationName = Release;
		};
/* End XCConfigurationList section */
	};
	rootObject = 05634DDF2630C77700DEE0A0 /* Project object */;
}
